
Microsoft Visual Studio Solution File, Format Version 12.00
# Visual Studio Version 17
VisualStudioVersion = 17.3.32922.545
MinimumVisualStudioVersion = 10.0.40219.1
Project("{FAE04EC0-301F-11D3-BF4B-00C04F79EFBC}") = "Client-Application", "Client-Application.csproj", "{15FAD160-DF25-48B4-B074-47C59F012C76}"
EndProject
Global
	GlobalSection(SolutionConfigurationPlatforms) = preSolution
		Debug|Any CPU = Debug|Any CPU
		Release|Any CPU = Release|Any CPU
	EndGlobalSection
	GlobalSection(ProjectConfigurationPlatforms) = postSolution
		{15FAD160-DF25-48B4-B074-47C59F012C76}.Debug|Any CPU.ActiveCfg = Debug|Any CPU
		{15FAD160-DF25-48B4-B074-47C59F012C76}.Debug|Any CPU.Build.0 = Debug|Any CPU
		{15FAD160-DF25-48B4-B074-47C59F012C76}.Release|Any CPU.ActiveCfg = Release|Any CPU
		{15FAD160-DF25-48B4-B074-47C59F012C76}.Release|Any CPU.Build.0 = Release|Any CPU
	EndGlobalSection
	GlobalSection(SolutionProperties) = preSolution
		HideSolutionNode = FALSE
	EndGlobalSection
	GlobalSection(ExtensibilityGlobals) = postSolution
		SolutionGuid = {346CC21C-59CF-465E-B40F-D56BC69F5BC5}
	EndGlobalSection
EndGlobal
